
Microsoft Visual Studio Solution File, Format Version 12.00
# Visual Studio 15
VisualStudioVersion = 15.0.27703.2026
MinimumVisualStudioVersion = 10.0.40219.1
Project("{9A19103F-16F7-4668-BE54-9A1E7A4F7556}") = "HubPortal.Api", "HubPortal.Api\HubPortal.Api.csproj", "{1028F4B0-5FAD-44DA-AEDA-C31A5B386694}"
EndProject
Project("{9A19103F-16F7-4668-BE54-9A1E7A4F7556}") = "HubPortal.QueryGenerator", "QueryGenerator\HubPortal.QueryGenerator.csproj", "{9D970635-DF3C-4BC5-A2A0-AD07C7C49FD7}"
EndProject
Project("{9A19103F-16F7-4668-BE54-9A1E7A4F7556}") = "HubPortal.Data", "HubPortal.Data\HubPortal.Data.csproj", "{1A0463E0-2E65-4589-8355-95E75F052919}"
EndProject
Project("{9A19103F-16F7-4668-BE54-9A1E7A4F7556}") = "ClientLibrary", "..\..\..\Downloads\amazon-kinesis-client-net-master\amazon-kinesis-client-net-master\ClientLibrary\ClientLibrary.csproj", "{504B6ACB-2979-4A5B-98CF-BEDADA63879E}"
EndProject
Project("{FAE04EC0-301F-11D3-BF4B-00C04F79EFBC}") = "Kinesis", "Kinesis\Kinesis.csproj", "{D4379EF7-FF60-4CBA-A5AE-0BD5E0195656}"
EndProject
Global
	GlobalSection(SolutionConfigurationPlatforms) = preSolution
		Debug|Any CPU = Debug|Any CPU
		Release|Any CPU = Release|Any CPU
	EndGlobalSection
	GlobalSection(ProjectConfigurationPlatforms) = postSolution
		{1028F4B0-5FAD-44DA-AEDA-C31A5B386694}.Debug|Any CPU.ActiveCfg = Debug|Any CPU
		{1028F4B0-5FAD-44DA-AEDA-C31A5B386694}.Debug|Any CPU.Build.0 = Debug|Any CPU
		{1028F4B0-5FAD-44DA-AEDA-C31A5B386694}.Release|Any CPU.ActiveCfg = Release|Any CPU
		{1028F4B0-5FAD-44DA-AEDA-C31A5B386694}.Release|Any CPU.Build.0 = Release|Any CPU
		{9D970635-DF3C-4BC5-A2A0-AD07C7C49FD7}.Debug|Any CPU.ActiveCfg = Debug|Any CPU
		{9D970635-DF3C-4BC5-A2A0-AD07C7C49FD7}.Debug|Any CPU.Build.0 = Debug|Any CPU
		{9D970635-DF3C-4BC5-A2A0-AD07C7C49FD7}.Release|Any CPU.ActiveCfg = Release|Any CPU
		{9D970635-DF3C-4BC5-A2A0-AD07C7C49FD7}.Release|Any CPU.Build.0 = Release|Any CPU
		{1A0463E0-2E65-4589-8355-95E75F052919}.Debug|Any CPU.ActiveCfg = Debug|Any CPU
		{1A0463E0-2E65-4589-8355-95E75F052919}.Debug|Any CPU.Build.0 = Debug|Any CPU
		{1A0463E0-2E65-4589-8355-95E75F052919}.Release|Any CPU.ActiveCfg = Release|Any CPU
		{1A0463E0-2E65-4589-8355-95E75F052919}.Release|Any CPU.Build.0 = Release|Any CPU
		{504B6ACB-2979-4A5B-98CF-BEDADA63879E}.Debug|Any CPU.ActiveCfg = Debug|Any CPU
		{504B6ACB-2979-4A5B-98CF-BEDADA63879E}.Debug|Any CPU.Build.0 = Debug|Any CPU
		{504B6ACB-2979-4A5B-98CF-BEDADA63879E}.Release|Any CPU.ActiveCfg = Release|Any CPU
		{504B6ACB-2979-4A5B-98CF-BEDADA63879E}.Release|Any CPU.Build.0 = Release|Any CPU
		{D4379EF7-FF60-4CBA-A5AE-0BD5E0195656}.Debug|Any CPU.ActiveCfg = Debug|Any CPU
		{D4379EF7-FF60-4CBA-A5AE-0BD5E0195656}.Debug|Any CPU.Build.0 = Debug|Any CPU
		{D4379EF7-FF60-4CBA-A5AE-0BD5E0195656}.Release|Any CPU.ActiveCfg = Release|Any CPU
		{D4379EF7-FF60-4CBA-A5AE-0BD5E0195656}.Release|Any CPU.Build.0 = Release|Any CPU
	EndGlobalSection
	GlobalSection(SolutionProperties) = preSolution
		HideSolutionNode = FALSE
	EndGlobalSection
	GlobalSection(ExtensibilityGlobals) = postSolution
		SolutionGuid = {5AEA949C-82C0-4370-9CF5-B394D069FB14}
	EndGlobalSection
EndGlobal
